
Microsoft Visual Studio Solution File, Format Version 12.00
# Visual Studio Version 16
VisualStudioVersion = 16.0.31205.134
MinimumVisualStudioVersion = 10.0.40219.1
Project("{FAE04EC0-301F-11D3-BF4B-00C04F79EFBC}") = "Pre-Task", "Pre-Task\Pre-Task.csproj", "{21482CD1-6B5D-4981-B168-761009E7B3F8}"
EndProject
Project("{FAE04EC0-301F-11D3-BF4B-00C04F79EFBC}") = "Pre-TaskTests", "Pre-TaskTests\Pre-TaskTests.csproj", "{5126CD1F-F856-44DD-8099-BC2ABC8F822B}"
EndProject
Global
	GlobalSection(SolutionConfigurationPlatforms) = preSolution
		Debug|Any CPU = Debug|Any CPU
		Release|Any CPU = Release|Any CPU
	EndGlobalSection
	GlobalSection(ProjectConfigurationPlatforms) = postSolution
		{21482CD1-6B5D-4981-B168-761009E7B3F8}.Debug|Any CPU.ActiveCfg = Debug|Any CPU
		{21482CD1-6B5D-4981-B168-761009E7B3F8}.Debug|Any CPU.Build.0 = Debug|Any CPU
		{21482CD1-6B5D-4981-B168-761009E7B3F8}.Release|Any CPU.ActiveCfg = Release|Any CPU
		{21482CD1-6B5D-4981-B168-761009E7B3F8}.Release|Any CPU.Build.0 = Release|Any CPU
		{5126CD1F-F856-44DD-8099-BC2ABC8F822B}.Debug|Any CPU.ActiveCfg = Debug|Any CPU
		{5126CD1F-F856-44DD-8099-BC2ABC8F822B}.Debug|Any CPU.Build.0 = Debug|Any CPU
		{5126CD1F-F856-44DD-8099-BC2ABC8F822B}.Release|Any CPU.ActiveCfg = Release|Any CPU
		{5126CD1F-F856-44DD-8099-BC2ABC8F822B}.Release|Any CPU.Build.0 = Release|Any CPU
	EndGlobalSection
	GlobalSection(SolutionProperties) = preSolution
		HideSolutionNode = FALSE
	EndGlobalSection
	GlobalSection(ExtensibilityGlobals) = postSolution
		SolutionGuid = {47202797-59FD-4BB7-83F7-797B352F1C79}
	EndGlobalSection
EndGlobal
